
Microsoft Visual Studio Solution File, Format Version 12.00
# Visual Studio Version 16
VisualStudioVersion = 16.0.29123.88
MinimumVisualStudioVersion = 10.0.40219.1
Project("{FAE04EC0-301F-11D3-BF4B-00C04F79EFBC}") = "ConsoleAppGitTest", "ConsoleAppGitTest\ConsoleAppGitTest.csproj", "{E33DD28B-C937-4653-9E15-3586A0420098}"
EndProject
Global
	GlobalSection(SolutionConfigurationPlatforms) = preSolution
		Debug|Any CPU = Debug|Any CPU
		Release|Any CPU = Release|Any CPU
	EndGlobalSection
	GlobalSection(ProjectConfigurationPlatforms) = postSolution
		{E33DD28B-C937-4653-9E15-3586A0420098}.Debug|Any CPU.ActiveCfg = Debug|Any CPU
		{E33DD28B-C937-4653-9E15-3586A0420098}.Debug|Any CPU.Build.0 = Debug|Any CPU
		{E33DD28B-C937-4653-9E15-3586A0420098}.Release|Any CPU.ActiveCfg = Release|Any CPU
		{E33DD28B-C937-4653-9E15-3586A0420098}.Release|Any CPU.Build.0 = Release|Any CPU
	EndGlobalSection
	GlobalSection(SolutionProperties) = preSolution
		HideSolutionNode = FALSE
	EndGlobalSection
	GlobalSection(ExtensibilityGlobals) = postSolution
		SolutionGuid = {986572D3-1D5D-480D-A9AD-4EE43FCD2FF6}
	EndGlobalSection
EndGlobal
